
Microsoft Visual Studio Solution File, Format Version 12.00
# Visual Studio Version 17
VisualStudioVersion = 17.1.32407.343
MinimumVisualStudioVersion = 10.0.40219.1
Project("{FAE04EC0-301F-11D3-BF4B-00C04F79EFBC}") = "WebApp", "WebApp\WebApp.csproj", "{5F2CF642-03E9-4390-A186-63D0DC3C059A}"
EndProject
Global
	GlobalSection(SolutionConfigurationPlatforms) = preSolution
		Debug|Any CPU = Debug|Any CPU
		Release|Any CPU = Release|Any CPU
	EndGlobalSection
	GlobalSection(ProjectConfigurationPlatforms) = postSolution
		{5F2CF642-03E9-4390-A186-63D0DC3C059A}.Debug|Any CPU.ActiveCfg = Debug|Any CPU
		{5F2CF642-03E9-4390-A186-63D0DC3C059A}.Debug|Any CPU.Build.0 = Debug|Any CPU
		{5F2CF642-03E9-4390-A186-63D0DC3C059A}.Release|Any CPU.ActiveCfg = Release|Any CPU
		{5F2CF642-03E9-4390-A186-63D0DC3C059A}.Release|Any CPU.Build.0 = Release|Any CPU
	EndGlobalSection
	GlobalSection(SolutionProperties) = preSolution
		HideSolutionNode = FALSE
	EndGlobalSection
	GlobalSection(ExtensibilityGlobals) = postSolution
		SolutionGuid = {785E80FF-D5BC-4F73-BDAF-776965520361}
	EndGlobalSection
EndGlobal
